// !$*UTF8*$!
{
	archiveVersion = 1;
	classes = {
	};
	objectVersion = 50;
	objects = {

/* Begin PBXBuildFile section */
		200B4069224DD3EC00F52BE7 /* blockhook-arm64.s in Sources */ = {isa = PBXBuildFile; fileRef = 200B4067224DD3EC00F52BE7 /* blockhook-arm64.s */; };
		205FC34C224DD1A40050ED77 /* AppDelegate.m in Sources */ = {isa = PBXBuildFile; fileRef = 205FC34B224DD1A40050ED77 /* AppDelegate.m */; };
		205FC34F224DD1A40050ED77 /* ViewController.m in Sources */ = {isa = PBXBuildFile; fileRef = 205FC34E224DD1A40050ED77 /* ViewController.m */; };
		205FC352224DD1A40050ED77 /* Main.storyboard in Resources */ = {isa = PBXBuildFile; fileRef = 205FC350224DD1A40050ED77 /* Main.storyboard */; };
		205FC354224DD1A70050ED77 /* Assets.xcassets in Resources */ = {isa = PBXBuildFile; fileRef = 205FC353224DD1A70050ED77 /* Assets.xcassets */; };
		205FC357224DD1A70050ED77 /* LaunchScreen.storyboard in Resources */ = {isa = PBXBuildFile; fileRef = 205FC355224DD1A70050ED77 /* LaunchScreen.storyboard */; };
		205FC35A224DD1A70050ED77 /* main.m in Sources */ = {isa = PBXBuildFile; fileRef = 205FC359224DD1A70050ED77 /* main.m */; };
		FADA1956BC082AF9509A9D62 /* libPods-YSBlockHook.a in Frameworks */ = {isa = PBXBuildFile; fileRef = 2E30DC914E23E85F9C088240 /* libPods-YSBlockHook.a */; };
/* End PBXBuildFile section */

/* Begin PBXFileReference section */
		200B4067224DD3EC00F52BE7 /* blockhook-arm64.s */ = {isa = PBXFileReference; fileEncoding = 4; lastKnownFileType = sourcecode.asm; path = "blockhook-arm64.s"; sourceTree = "<group>"; };
		205FC347224DD1A40050ED77 /* YSBlockHook.app */ = {isa = PBXFileReference; explicitFileType = wrapper.application; includeInIndex = 0; path = YSBlockHook.app; sourceTree = BUILT_PRODUCTS_DIR; };
		205FC34A224DD1A40050ED77 /* AppDelegate.h */ = {isa = PBXFileReference; lastKnownFileType = sourcecode.c.h; path = AppDelegate.h; sourceTree = "<group>"; };
		205FC34B224DD1A40050ED77 /* AppDelegate.m */ = {isa = PBXFileReference; lastKnownFileType = sourcecode.c.objc; path = AppDelegate.m; sourceTree = "<group>"; };
		205FC34D224DD1A40050ED77 /* ViewController.h */ = {isa = PBXFileReference; lastKnownFileType = sourcecode.c.h; path = ViewController.h; sourceTree = "<group>"; };
		205FC34E224DD1A40050ED77 /* ViewController.m */ = {isa = PBXFileReference; lastKnownFileType = sourcecode.c.objc; path = ViewController.m; sourceTree = "<group>"; };
		205FC351224DD1A40050ED77 /* Base */ = {isa = PBXFileReference; lastKnownFileType = file.storyboard; name = Base; path = Base.lproj/Main.storyboard; sourceTree = "<group>"; };
		205FC353224DD1A70050ED77 /* Assets.xcassets */ = {isa = PBXFileReference; lastKnownFileType = folder.assetcatalog; path = Assets.xcassets; sourceTree = "<group>"; };
		205FC356224DD1A70050ED77 /* Base */ = {isa = PBXFileReference; lastKnownFileType = file.storyboard; name = Base; path = Base.lproj/LaunchScreen.storyboard; sourceTree = "<group>"; };
		205FC358224DD1A70050ED77 /* Info.plist */ = {isa = PBXFileReference; lastKnownFileType = text.plist.xml; path = Info.plist; sourceTree = "<group>"; };
		205FC359224DD1A70050ED77 /* main.m */ = {isa = PBXFileReference; lastKnownFileType = sourcecode.c.objc; path = main.m; sourceTree = "<group>"; };
		2E30DC914E23E85F9C088240 /* libPods-YSBlockHook.a */ = {isa = PBXFileReference; explicitFileType = archive.ar; includeInIndex = 0; path = "libPods-YSBlockHook.a"; sourceTree = BUILT_PRODUCTS_DIR; };
		8668B7643E4A229FB7508F3D /* Pods-YSBlockHook.release.xcconfig */ = {isa = PBXFileReference; includeInIndex = 1; lastKnownFileType = text.xcconfig; name = "Pods-YSBlockHook.release.xcconfig"; path = "Pods/Target Support Files/Pods-YSBlockHook/Pods-YSBlockHook.release.xcconfig"; sourceTree = "<group>"; };
		8C3ABF410BCC27E2596A3544 /* Pods-YSBlockHook.debug.xcconfig */ = {isa = PBXFileReference; includeInIndex = 1; lastKnownFileType = text.xcconfig; name = "Pods-YSBlockHook.debug.xcconfig"; path = "Pods/Target Support Files/Pods-YSBlockHook/Pods-YSBlockHook.debug.xcconfig"; sourceTree = "<group>"; };
/* End PBXFileReference section */

/* Begin PBXFrameworksBuildPhase section */
		205FC344224DD1A40050ED77 /* Frameworks */ = {
			isa = PBXFrameworksBuildPhase;
			buildActionMask = 2147483647;
			files = (
				FADA1956BC082AF9509A9D62 /* libPods-YSBlockHook.a in Frameworks */,
			);
			runOnlyForDeploymentPostprocessing = 0;
		};
/* End PBXFrameworksBuildPhase section */

/* Begin PBXGroup section */
		205FC33E224DD1A40050ED77 = {
			isa = PBXGroup;
			children = (
				205FC349224DD1A40050ED77 /* YSBlockHook */,
				205FC348224DD1A40050ED77 /* Products */,
				8178F7715ABBE42EDAB71511 /* Pods */,
				E4D1D812B29DA83D48687506 /* Frameworks */,
			);
			sourceTree = "<group>";
		};
		205FC348224DD1A40050ED77 /* Products */ = {
			isa = PBXGroup;
			children = (
				205FC347224DD1A40050ED77 /* YSBlockHook.app */,
			);
			name = Products;
			sourceTree = "<group>";
		};
		205FC349224DD1A40050ED77 /* YSBlockHook */ = {
			isa = PBXGroup;
			children = (
				200B4067224DD3EC00F52BE7 /* blockhook-arm64.s */,
				205FC34A224DD1A40050ED77 /* AppDelegate.h */,
				205FC34B224DD1A40050ED77 /* AppDelegate.m */,
				205FC34D224DD1A40050ED77 /* ViewController.h */,
				205FC34E224DD1A40050ED77 /* ViewController.m */,
				205FC350224DD1A40050ED77 /* Main.storyboard */,
				205FC353224DD1A70050ED77 /* Assets.xcassets */,
				205FC355224DD1A70050ED77 /* LaunchScreen.storyboard */,
				205FC358224DD1A70050ED77 /* Info.plist */,
				205FC359224DD1A70050ED77 /* main.m */,
			);
			path = YSBlockHook;
			sourceTree = "<group>";
		};
		8178F7715ABBE42EDAB71511 /* Pods */ = {
			isa = PBXGroup;
			children = (
				8C3ABF410BCC27E2596A3544 /* Pods-YSBlockHook.debug.xcconfig */,
				8668B7643E4A229FB7508F3D /* Pods-YSBlockHook.release.xcconfig */,
			);
			name = Pods;
			sourceTree = "<group>";
		};
		E4D1D812B29DA83D48687506 /* Frameworks */ = {
			isa = PBXGroup;
			children = (
				2E30DC914E23E85F9C088240 /* libPods-YSBlockHook.a */,
			);
			name = Frameworks;
			sourceTree = "<group>";
		};
/* End PBXGroup section */

/* Begin PBXNativeTarget section */
		205FC346224DD1A40050ED77 /* YSBlockHook */ = {
			isa = PBXNativeTarget;
			buildConfigurationList = 205FC35D224DD1A70050ED77 /* Build configuration list for PBXNativeTarget "YSBlockHook" */;
			buildPhases = (
				B83F5AADB82035C78F970681 /* [CP] Check Pods Manifest.lock */,
				205FC343224DD1A40050ED77 /* Sources */,
				205FC344224DD1A40050ED77 /* Frameworks */,
				205FC345224DD1A40050ED77 /* Resources */,
				5B76E26EC426DFE2239ABFF1 /* [CP] Embed Pods Frameworks */,
				496ABBBF1F8F34B8906E99DB /* [CP] Copy Pods Resources */,
			);
			buildRules = (
			);
			dependencies = (
			);
			name = YSBlockHook;
			productName = YSBlockHook;
			productReference = 205FC347224DD1A40050ED77 /* YSBlockHook.app */;
			productType = "com.apple.product-type.application";
		};
/* End PBXNativeTarget section */

/* Begin PBXProject section */
		205FC33F224DD1A40050ED77 /* Project object */ = {
			isa = PBXProject;
			attributes = {
				LastUpgradeCheck = 1010;
				ORGANIZATIONNAME = Youngsoft;
				TargetAttributes = {
					205FC346224DD1A40050ED77 = {
						CreatedOnToolsVersion = 10.1;
					};
				};
			};
			buildConfigurationList = 205FC342224DD1A40050ED77 /* Build configuration list for PBXProject "YSBlockHook" */;
			compatibilityVersion = "Xcode 9.3";
			developmentRegion = en;
			hasScannedForEncodings = 0;
			knownRegions = (
				en,
				Base,
			);
			mainGroup = 205FC33E224DD1A40050ED77;
			productRefGroup = 205FC348224DD1A40050ED77 /* Products */;
			projectDirPath = "";
			projectRoot = "";
			targets = (
				205FC346224DD1A40050ED77 /* YSBlockHook */,
			);
		};
/* End PBXProject section */

/* Begin PBXResourcesBuildPhase section */
		205FC345224DD1A40050ED77 /* Resources */ = {
			isa = PBXResourcesBuildPhase;
			buildActionMask = 2147483647;
			files = (
				205FC357224DD1A70050ED77 /* LaunchScreen.storyboard in Resources */,
				205FC354224DD1A70050ED77 /* Assets.xcassets in Resources */,
				205FC352224DD1A40050ED77 /* Main.storyboard in Resources */,
			);
			runOnlyForDeploymentPostprocessing = 0;
		};
/* End PBXResourcesBuildPhase section */

/* Begin PBXShellScriptBuildPhase section */
		496ABBBF1F8F34B8906E99DB /* [CP] Copy Pods Resources */ = {
			isa = PBXShellScriptBuildPhase;
			buildActionMask = 2147483647;
			files = (
			);
			inputFileListPaths = (
			);
			inputPaths = (
			);
			name = "[CP] Copy Pods Resources";
			outputFileListPaths = (
			);
			outputPaths = (
			);
			runOnlyForDeploymentPostprocessing = 0;
			shellPath = /bin/sh;
			shellScript = "\"${SRCROOT}/Pods/Target Support Files/Pods-YSBlockHook/Pods-YSBlockHook-resources.sh\"\n";
			showEnvVarsInLog = 0;
		};
		5B76E26EC426DFE2239ABFF1 /* [CP] Embed Pods Frameworks */ = {
			isa = PBXShellScriptBuildPhase;
			buildActionMask = 2147483647;
			files = (
			);
			inputFileListPaths = (
			);
			inputPaths = (
			);
			name = "[CP] Embed Pods Frameworks";
			outputFileListPaths = (
			);
			outputPaths = (
			);
			runOnlyForDeploymentPostprocessing = 0;
			shellPath = /bin/sh;
			shellScript = "\"${SRCROOT}/Pods/Target Support Files/Pods-YSBlockHook/Pods-YSBlockHook-frameworks.sh\"\n";
			showEnvVarsInLog = 0;
		};
		B83F5AADB82035C78F970681 /* [CP] Check Pods Manifest.lock */ = {
			isa = PBXShellScriptBuildPhase;
			buildActionMask = 2147483647;
			files = (
			);
			inputFileListPaths = (
			);
			inputPaths = (
			);
			name = "[CP] Check Pods Manifest.lock";
			outputFileListPaths = (
			);
			outputPaths = (
			);
			runOnlyForDeploymentPostprocessing = 0;
			shellPath = /bin/sh;
			shellScript = "diff \"${PODS_ROOT}/../Podfile.lock\" \"${PODS_ROOT}/Manifest.lock\" > /dev/null\nif [ $? != 0 ] ; then\n    # print error to STDERR\n    echo \"error: The sandbox is not in sync with the Podfile.lock. Run 'pod install' or update your CocoaPods installation.\" >&2\n    exit 1\nfi\n";
			showEnvVarsInLog = 0;
		};
/* End PBXShellScriptBuildPhase section */

/* Begin PBXSourcesBuildPhase section */
		205FC343224DD1A40050ED77 /* Sources */ = {
			isa = PBXSourcesBuildPhase;
			buildActionMask = 2147483647;
			files = (
				205FC34F224DD1A40050ED77 /* ViewController.m in Sources */,
				200B4069224DD3EC00F52BE7 /* blockhook-arm64.s in Sources */,
				205FC35A224DD1A70050ED77 /* main.m in Sources */,
				205FC34C224DD1A40050ED77 /* AppDelegate.m in Sources */,
			);
			runOnlyForDeploymentPostprocessing = 0;
		};
/* End PBXSourcesBuildPhase section */

/* Begin PBXVariantGroup section */
		205FC350224DD1A40050ED77 /* Main.storyboard */ = {
			isa = PBXVariantGroup;
			children = (
				205FC351224DD1A40050ED77 /* Base */,
			);
			name = Main.storyboard;
			sourceTree = "<group>";
		};
		205FC355224DD1A70050ED77 /* LaunchScreen.storyboard */ = {
			isa = PBXVariantGroup;
			children = (
				205FC356224DD1A70050ED77 /* Base */,
			);
			name = LaunchScreen.storyboard;
			sourceTree = "<group>";
		};
/* End PBXVariantGroup section */

/* Begin XCBuildConfiguration section */
		205FC35B224DD1A70050ED77 /* Debug */ = {
			isa = XCBuildConfiguration;
			buildSettings = {
				ALWAYS_SEARCH_USER_PATHS = NO;
				CLANG_ANALYZER_NONNULL = YES;
				CLANG_ANALYZER_NUMBER_OBJECT_CONVERSION = YES_AGGRESSIVE;
				CLANG_CXX_LANGUAGE_STANDARD = "gnu++14";
				CLANG_CXX_LIBRARY = "libc++";
				CLANG_ENABLE_MODULES = YES;
				CLANG_ENABLE_OBJC_ARC = YES;
				CLANG_ENABLE_OBJC_WEAK = YES;
				CLANG_WARN_BLOCK_CAPTURE_AUTORELEASING = YES;
				CLANG_WARN_BOOL_CONVERSION = YES;
				CLANG_WARN_COMMA = YES;
				CLANG_WARN_CONSTANT_CONVERSION = YES;
				CLANG_WARN_DEPRECATED_OBJC_IMPLEMENTATIONS = YES;
				CLANG_WARN_DIRECT_OBJC_ISA_USAGE = YES_ERROR;
				CLANG_WARN_DOCUMENTATION_COMMENTS = YES;
				CLANG_WARN_EMPTY_BODY = YES;
				CLANG_WARN_ENUM_CONVERSION = YES;
				CLANG_WARN_INFINITE_RECURSION = YES;
				CLANG_WARN_INT_CONVERSION = YES;
				CLANG_WARN_NON_LITERAL_NULL_CONVERSION = YES;
				CLANG_WARN_OBJC_IMPLICIT_RETAIN_SELF = YES;
				CLANG_WARN_OBJC_LITERAL_CONVERSION = YES;
				CLANG_WARN_OBJC_ROOT_CLASS = YES_ERROR;
				CLANG_WARN_RANGE_LOOP_ANALYSIS = YES;
				CLANG_WARN_STRICT_PROTOTYPES = YES;
				CLANG_WARN_SUSPICIOUS_MOVE = YES;
				CLANG_WARN_UNGUARDED_AVAILABILITY = YES_AGGRESSIVE;
				CLANG_WARN_UNREACHABLE_CODE = YES;
				CLANG_WARN__DUPLICATE_METHOD_MATCH = YES;
				CODE_SIGN_IDENTITY = "iPhone Developer";
				COPY_PHASE_STRIP = NO;
				DEBUG_INFORMATION_FORMAT = dwarf;
				ENABLE_STRICT_OBJC_MSGSEND = YES;
				ENABLE_TESTABILITY = YES;
				GCC_C_LANGUAGE_STANDARD = gnu11;
				GCC_DYNAMIC_NO_PIC = NO;
				GCC_NO_COMMON_BLOCKS = YES;
				GCC_OPTIMIZATION_LEVEL = 0;
				GCC_PREPROCESSOR_DEFINITIONS = (
					"DEBUG=1",
					"$(inherited)",
				);
				GCC_WARN_64_TO_32_BIT_CONVERSION = YES;
				GCC_WARN_ABOUT_RETURN_TYPE = YES_ERROR;
				GCC_WARN_UNDECLARED_SELECTOR = YES;
				GCC_WARN_UNINITIALIZED_AUTOS = YES_AGGRESSIVE;
				GCC_WARN_UNUSED_FUNCTION = YES;
				GCC_WARN_UNUSED_VARIABLE = YES;
				IPHONEOS_DEPLOYMENT_TARGET = 12.1;
				MTL_ENABLE_DEBUG_INFO = INCLUDE_SOURCE;
				MTL_FAST_MATH = YES;
				ONLY_ACTIVE_ARCH = YES;
				SDKROOT = iphoneos;
			};
			name = Debug;
		};
		205FC35C224DD1A70050ED77 /* Release */ = {
			isa = XCBuildConfiguration;
			buildSettings = {
				ALWAYS_SEARCH_USER_PATHS = NO;
				CLANG_ANALYZER_NONNULL = YES;
				CLANG_ANALYZER_NUMBER_OBJECT_CONVERSION = YES_AGGRESSIVE;
				CLANG_CXX_LANGUAGE_STANDARD = "gnu++14";
				CLANG_CXX_LIBRARY = "libc++";
				CLANG_ENABLE_MODULES = YES;
				CLANG_ENABLE_OBJC_ARC = YES;
				CLANG_ENABLE_OBJC_WEAK = YES;
				CLANG_WARN_BLOCK_CAPTURE_AUTORELEASING = YES;
				CLANG_WARN_BOOL_CONVERSION = YES;
				CLANG_WARN_COMMA = YES;
				CLANG_WARN_CONSTANT_CONVERSION = YES;
				CLANG_WARN_DEPRECATED_OBJC_IMPLEMENTATIONS = YES;
				CLANG_WARN_DIRECT_OBJC_ISA_USAGE = YES_ERROR;
				CLANG_WARN_DOCUMENTATION_COMMENTS = YES;
				CLANG_WARN_EMPTY_BODY = YES;
				CLANG_WARN_ENUM_CONVERSION = YES;
				CLANG_WARN_INFINITE_RECURSION = YES;
				CLANG_WARN_INT_CONVERSION = YES;
				CLANG_WARN_NON_LITERAL_NULL_CONVERSION = YES;
				CLANG_WARN_OBJC_IMPLICIT_RETAIN_SELF = YES;
				CLANG_WARN_OBJC_LITERAL_CONVERSION = YES;
				CLANG_WARN_OBJC_ROOT_CLASS = YES_ERROR;
				CLANG_WARN_RANGE_LOOP_ANALYSIS = YES;
				CLANG_WARN_STRICT_PROTOTYPES = YES;
				CLANG_WARN_SUSPICIOUS_MOVE = YES;
				CLANG_WARN_UNGUARDED_AVAILABILITY = YES_AGGRESSIVE;
				CLANG_WARN_UNREACHABLE_CODE = YES;
				CLANG_WARN__DUPLICATE_METHOD_MATCH = YES;
				CODE_SIGN_IDENTITY = "iPhone Developer";
				COPY_PHASE_STRIP = NO;
				DEBUG_INFORMATION_FORMAT = "dwarf-with-dsym";
				ENABLE_NS_ASSERTIONS = NO;
				ENABLE_STRICT_OBJC_MSGSEND = YES;
				GCC_C_LANGUAGE_STANDARD = gnu11;
				GCC_NO_COMMON_BLOCKS = YES;
				GCC_WARN_64_TO_32_BIT_CONVERSION = YES;
				GCC_WARN_ABOUT_RETURN_TYPE = YES_ERROR;
				GCC_WARN_UNDECLARED_SELECTOR = YES;
				GCC_WARN_UNINITIALIZED_AUTOS = YES_AGGRESSIVE;
				GCC_WARN_UNUSED_FUNCTION = YES;
				GCC_WARN_UNUSED_VARIABLE = YES;
				IPHONEOS_DEPLOYMENT_TARGET = 12.1;
				MTL_ENABLE_DEBUG_INFO = NO;
				MTL_FAST_MATH = YES;
				SDKROOT = iphoneos;
				VALIDATE_PRODUCT = YES;
			};
			name = Release;
		};
		205FC35E224DD1A70050ED77 /* Debug */ = {
			isa = XCBuildConfiguration;
			baseConfigurationReference = 8C3ABF410BCC27E2596A3544 /* Pods-YSBlockHook.debug.xcconfig */;
			buildSettings = {
				ASSETCATALOG_COMPILER_APPICON_NAME = AppIcon;
				CODE_SIGN_STYLE = Automatic;
				DEVELOPMENT_TEAM = BGQ8WB468K;
				INFOPLIST_FILE = YSBlockHook/Info.plist;
				IPHONEOS_DEPLOYMENT_TARGET = 9.0;
				LD_RUNPATH_SEARCH_PATHS = (
					"$(inherited)",
					"@executable_path/Frameworks",
				);
				PRODUCT_BUNDLE_IDENTIFIER = com.youngsoft.YSBlockHook;
				PRODUCT_NAME = "$(TARGET_NAME)";
				TARGETED_DEVICE_FAMILY = "1,2";
			};
			name = Debug;
		};
		205FC35F224DD1A70050ED77 /* Release */ = {
			isa = XCBuildConfiguration;
			baseConfigurationReference = 8668B7643E4A229FB7508F3D /* Pods-YSBlockHook.release.xcconfig */;
			buildSettings = {
				ASSETCATALOG_COMPILER_APPICON_NAME = AppIcon;
				CODE_SIGN_STYLE = Automatic;
				DEVELOPMENT_TEAM = BGQ8WB468K;
				INFOPLIST_FILE = YSBlockHook/Info.plist;
				IPHONEOS_DEPLOYMENT_TARGET = 9.0;
				LD_RUNPATH_SEARCH_PATHS = (
					"$(inherited)",
					"@executable_path/Frameworks",
				);
				PRODUCT_BUNDLE_IDENTIFIER = com.youngsoft.YSBlockHook;
				PRODUCT_NAME = "$(TARGET_NAME)";
				TARGETED_DEVICE_FAMILY = "1,2";
			};
			name = Release;
		};
/* End XCBuildConfiguration section */

/* Begin XCConfigurationList section */
		205FC342224DD1A40050ED77 /* Build configuration list for PBXProject "YSBlockHook" */ = {
			isa = XCConfigurationList;
			buildConfigurations = (
				205FC35B224DD1A70050ED77 /* Debug */,
				205FC35C224DD1A70050ED77 /* Release */,
			);
			defaultConfigurationIsVisible = 0;
			defaultConfigurationName = Release;
		};
		205FC35D224DD1A70050ED77 /* Build configuration list for PBXNativeTarget "YSBlockHook" */ = {
			isa = XCConfigurationList;
			buildConfigurations = (
				205FC35E224DD1A70050ED77 /* Debug */,
				205FC35F224DD1A70050ED77 /* Release */,
			);
			defaultConfigurationIsVisible = 0;
			defaultConfigurationName = Release;
		};
/* End XCConfigurationList section */
	};
	rootObject = 205FC33F224DD1A40050ED77 /* Project object */;
}
